// !$*UTF8*$!
{
	archiveVersion = 1;
	classes = {
	};
	objectVersion = 46;
	objects = {

/* Begin PBXBuildFile section */
		7973F4D2B66D8E1289DC8AC4 /* Pods_rainycloudyshiny.framework in Frameworks */ = {isa = PBXBuildFile; fileRef = 9D7DD9B7CC41567B6F420E6F /* Pods_rainycloudyshiny.framework */; };
		D62FC7C91F4E1C840045CF3D /* AppDelegate.swift in Sources */ = {isa = PBXBuildFile; fileRef = D62FC7C81F4E1C840045CF3D /* AppDelegate.swift */; };
		D62FC7CB1F4E1C840045CF3D /* WeatherVC.swift in Sources */ = {isa = PBXBuildFile; fileRef = D62FC7CA1F4E1C840045CF3D /* WeatherVC.swift */; };
		D62FC7CE1F4E1C840045CF3D /* Main.storyboard in Resources */ = {isa = PBXBuildFile; fileRef = D62FC7CC1F4E1C840045CF3D /* Main.storyboard */; };
		D62FC7D01F4E1C840045CF3D /* Assets.xcassets in Resources */ = {isa = PBXBuildFile; fileRef = D62FC7CF1F4E1C840045CF3D /* Assets.xcassets */; };
		D62FC7D31F4E1C840045CF3D /* LaunchScreen.storyboard in Resources */ = {isa = PBXBuildFile; fileRef = D62FC7D11F4E1C840045CF3D /* LaunchScreen.storyboard */; };
		D6C8240D1F509D6D001A2DA4 /* constants.swift in Sources */ = {isa = PBXBuildFile; fileRef = D6C8240C1F509D6D001A2DA4 /* constants.swift */; };
		D6C8240F1F509DF0001A2DA4 /* CurrentWeather.swift in Sources */ = {isa = PBXBuildFile; fileRef = D6C8240E1F509DF0001A2DA4 /* CurrentWeather.swift */; };
		D6C824111F509EC0001A2DA4 /* Forecast.swift in Sources */ = {isa = PBXBuildFile; fileRef = D6C824101F509EC0001A2DA4 /* Forecast.swift */; };
		D6C824131F50B6DA001A2DA4 /* WeatherCell.swift in Sources */ = {isa = PBXBuildFile; fileRef = D6C824121F50B6DA001A2DA4 /* WeatherCell.swift */; };
/* End PBXBuildFile section */

/* Begin PBXFileReference section */
		9D7DD9B7CC41567B6F420E6F /* Pods_rainycloudyshiny.framework */ = {isa = PBXFileReference; explicitFileType = wrapper.framework; includeInIndex = 0; path = Pods_rainycloudyshiny.framework; sourceTree = BUILT_PRODUCTS_DIR; };
		A0EDC96A341135FD6451A782 /* Pods-rainycloudyshiny.release.xcconfig */ = {isa = PBXFileReference; includeInIndex = 1; lastKnownFileType = text.xcconfig; name = "Pods-rainycloudyshiny.release.xcconfig"; path = "Pods/Target Support Files/Pods-rainycloudyshiny/Pods-rainycloudyshiny.release.xcconfig"; sourceTree = "<group>"; };
		C24D9EFF3DE8FDCDCE796D82 /* Pods-rainycloudyshiny.debug.xcconfig */ = {isa = PBXFileReference; includeInIndex = 1; lastKnownFileType = text.xcconfig; name = "Pods-rainycloudyshiny.debug.xcconfig"; path = "Pods/Target Support Files/Pods-rainycloudyshiny/Pods-rainycloudyshiny.debug.xcconfig"; sourceTree = "<group>"; };
		D62FC7C51F4E1C840045CF3D /* rainycloudyshiny.app */ = {isa = PBXFileReference; explicitFileType = wrapper.application; includeInIndex = 0; path = rainycloudyshiny.app; sourceTree = BUILT_PRODUCTS_DIR; };
		D62FC7C81F4E1C840045CF3D /* AppDelegate.swift */ = {isa = PBXFileReference; lastKnownFileType = sourcecode.swift; path = AppDelegate.swift; sourceTree = "<group>"; };
		D62FC7CA1F4E1C840045CF3D /* WeatherVC.swift */ = {isa = PBXFileReference; lastKnownFileType = sourcecode.swift; path = WeatherVC.swift; sourceTree = "<group>"; };
		D62FC7CD1F4E1C840045CF3D /* Base */ = {isa = PBXFileReference; lastKnownFileType = file.storyboard; name = Base; path = Base.lproj/Main.storyboard; sourceTree = "<group>"; };
		D62FC7CF1F4E1C840045CF3D /* Assets.xcassets */ = {isa = PBXFileReference; lastKnownFileType = folder.assetcatalog; path = Assets.xcassets; sourceTree = "<group>"; };
		D62FC7D21F4E1C840045CF3D /* Base */ = {isa = PBXFileReference; lastKnownFileType = file.storyboard; name = Base; path = Base.lproj/LaunchScreen.storyboard; sourceTree = "<group>"; };
		D62FC7D41F4E1C840045CF3D /* Info.plist */ = {isa = PBXFileReference; lastKnownFileType = text.plist.xml; path = Info.plist; sourceTree = "<group>"; };
		D6C8240C1F509D6D001A2DA4 /* constants.swift */ = {isa = PBXFileReference; fileEncoding = 4; lastKnownFileType = sourcecode.swift; path = constants.swift; sourceTree = "<group>"; };
		D6C8240E1F509DF0001A2DA4 /* CurrentWeather.swift */ = {isa = PBXFileReference; fileEncoding = 4; lastKnownFileType = sourcecode.swift; path = CurrentWeather.swift; sourceTree = "<group>"; };
		D6C824101F509EC0001A2DA4 /* Forecast.swift */ = {isa = PBXFileReference; fileEncoding = 4; lastKnownFileType = sourcecode.swift; path = Forecast.swift; sourceTree = "<group>"; };
		D6C824121F50B6DA001A2DA4 /* WeatherCell.swift */ = {isa = PBXFileReference; fileEncoding = 4; lastKnownFileType = sourcecode.swift; path = WeatherCell.swift; sourceTree = "<group>"; };
/* End PBXFileReference section */

/* Begin PBXFrameworksBuildPhase section */
		D62FC7C21F4E1C840045CF3D /* Frameworks */ = {
			isa = PBXFrameworksBuildPhase;
			buildActionMask = 2147483647;
			files = (
				7973F4D2B66D8E1289DC8AC4 /* Pods_rainycloudyshiny.framework in Frameworks */,
			);
			runOnlyForDeploymentPostprocessing = 0;
		};
/* End PBXFrameworksBuildPhase section */

/* Begin PBXGroup section */
		13B61D0940356BBDD3A41C8D /* Pods */ = {
			isa = PBXGroup;
			children = (
				C24D9EFF3DE8FDCDCE796D82 /* Pods-rainycloudyshiny.debug.xcconfig */,
				A0EDC96A341135FD6451A782 /* Pods-rainycloudyshiny.release.xcconfig */,
			);
			name = Pods;
			sourceTree = "<group>";
		};
		B5F196ACD477EFA369BF4E2E /* Frameworks */ = {
			isa = PBXGroup;
			children = (
				9D7DD9B7CC41567B6F420E6F /* Pods_rainycloudyshiny.framework */,
			);
			name = Frameworks;
			sourceTree = "<group>";
		};
		D62FC7BC1F4E1C840045CF3D = {
			isa = PBXGroup;
			children = (
				D62FC7C71F4E1C840045CF3D /* rainycloudyshiny */,
				D62FC7C61F4E1C840045CF3D /* Products */,
				13B61D0940356BBDD3A41C8D /* Pods */,
				B5F196ACD477EFA369BF4E2E /* Frameworks */,
			);
			sourceTree = "<group>";
		};
		D62FC7C61F4E1C840045CF3D /* Products */ = {
			isa = PBXGroup;
			children = (
				D62FC7C51F4E1C840045CF3D /* rainycloudyshiny.app */,
			);
			name = Products;
			sourceTree = "<group>";
		};
		D62FC7C71F4E1C840045CF3D /* rainycloudyshiny */ = {
			isa = PBXGroup;
			children = (
				D62FC7C81F4E1C840045CF3D /* AppDelegate.swift */,
				D62FC7CA1F4E1C840045CF3D /* WeatherVC.swift */,
				D62FC7CC1F4E1C840045CF3D /* Main.storyboard */,
				D62FC7CF1F4E1C840045CF3D /* Assets.xcassets */,
				D62FC7D11F4E1C840045CF3D /* LaunchScreen.storyboard */,
				D62FC7D41F4E1C840045CF3D /* Info.plist */,
				D6C8240C1F509D6D001A2DA4 /* constants.swift */,
				D6C8240E1F509DF0001A2DA4 /* CurrentWeather.swift */,
				D6C824101F509EC0001A2DA4 /* Forecast.swift */,
				D6C824121F50B6DA001A2DA4 /* WeatherCell.swift */,
			);
			path = rainycloudyshiny;
			sourceTree = "<group>";
		};
/* End PBXGroup section */

/* Begin PBXNativeTarget section */
		D62FC7C41F4E1C840045CF3D /* rainycloudyshiny */ = {
			isa = PBXNativeTarget;
			buildConfigurationList = D62FC7D71F4E1C840045CF3D /* Build configuration list for PBXNativeTarget "rainycloudyshiny" */;
			buildPhases = (
				FB0927E97EA91BADC185434B /* [CP] Check Pods Manifest.lock */,
				D62FC7C11F4E1C840045CF3D /* Sources */,
				D62FC7C21F4E1C840045CF3D /* Frameworks */,
				D62FC7C31F4E1C840045CF3D /* Resources */,
				10B34DAE08FAB01BA7C99EBE /* [CP] Embed Pods Frameworks */,
				A0B31A8E20D6AD5773F4BF66 /* [CP] Copy Pods Resources */,
			);
			buildRules = (
			);
			dependencies = (
			);
			name = rainycloudyshiny;
			productName = rainycloudyshiny;
			productReference = D62FC7C51F4E1C840045CF3D /* rainycloudyshiny.app */;
			productType = "com.apple.product-type.application";
		};
/* End PBXNativeTarget section */

/* Begin PBXProject section */
		D62FC7BD1F4E1C840045CF3D /* Project object */ = {
			isa = PBXProject;
			attributes = {
				LastSwiftUpdateCheck = 0830;
				LastUpgradeCheck = 0830;
				ORGANIZATIONNAME = "Sabrina Fletcher";
				TargetAttributes = {
					D62FC7C41F4E1C840045CF3D = {
						CreatedOnToolsVersion = 8.3.3;
						DevelopmentTeam = FUWHW8446R;
						ProvisioningStyle = Automatic;
					};
				};
			};
			buildConfigurationList = D62FC7C01F4E1C840045CF3D /* Build configuration list for PBXProject "rainycloudyshiny" */;
			compatibilityVersion = "Xcode 3.2";
			developmentRegion = English;
			hasScannedForEncodings = 0;
			knownRegions = (
				en,
				Base,
			);
			mainGroup = D62FC7BC1F4E1C840045CF3D;
			productRefGroup = D62FC7C61F4E1C840045CF3D /* Products */;
			projectDirPath = "";
			projectRoot = "";
			targets = (
				D62FC7C41F4E1C840045CF3D /* rainycloudyshiny */,
			);
		};
/* End PBXProject section */

/* Begin PBXResourcesBuildPhase section */
		D62FC7C31F4E1C840045CF3D /* Resources */ = {
			isa = PBXResourcesBuildPhase;
			buildActionMask = 2147483647;
			files = (
				D62FC7D31F4E1C840045CF3D /* LaunchScreen.storyboard in Resources */,
				D62FC7D01F4E1C840045CF3D /* Assets.xcassets in Resources */,
				D62FC7CE1F4E1C840045CF3D /* Main.storyboard in Resources */,
			);
			runOnlyForDeploymentPostprocessing = 0;
		};
/* End PBXResourcesBuildPhase section */

/* Begin PBXShellScriptBuildPhase section */
		10B34DAE08FAB01BA7C99EBE /* [CP] Embed Pods Frameworks */ = {
			isa = PBXShellScriptBuildPhase;
			buildActionMask = 2147483647;
			files = (
			);
			inputPaths = (
				"${SRCROOT}/Pods/Target Support Files/Pods-rainycloudyshiny/Pods-rainycloudyshiny-frameworks.sh",
				"${BUILT_PRODUCTS_DIR}/Alamofire/Alamofire.framework",
			);
			name = "[CP] Embed Pods Frameworks";
			outputPaths = (
				"${TARGET_BUILD_DIR}/${FRAMEWORKS_FOLDER_PATH}/Alamofire.framework",
			);
			runOnlyForDeploymentPostprocessing = 0;
			shellPath = /bin/sh;
			shellScript = "\"${SRCROOT}/Pods/Target Support Files/Pods-rainycloudyshiny/Pods-rainycloudyshiny-frameworks.sh\"\n";
			showEnvVarsInLog = 0;
		};
		A0B31A8E20D6AD5773F4BF66 /* [CP] Copy Pods Resources */ = {
			isa = PBXShellScriptBuildPhase;
			buildActionMask = 2147483647;
			files = (
			);
			inputPaths = (
			);
			name = "[CP] Copy Pods Resources";
			outputPaths = (
			);
			runOnlyForDeploymentPostprocessing = 0;
			shellPath = /bin/sh;
			shellScript = "\"${SRCROOT}/Pods/Target Support Files/Pods-rainycloudyshiny/Pods-rainycloudyshiny-resources.sh\"\n";
			showEnvVarsInLog = 0;
		};
		FB0927E97EA91BADC185434B /* [CP] Check Pods Manifest.lock */ = {
			isa = PBXShellScriptBuildPhase;
			buildActionMask = 2147483647;
			files = (
			);
			inputPaths = (
				"${PODS_PODFILE_DIR_PATH}/Podfile.lock",
				"${PODS_ROOT}/Manifest.lock",
			);
			name = "[CP] Check Pods Manifest.lock";
			outputPaths = (
				"$(DERIVED_FILE_DIR)/Pods-rainycloudyshiny-checkManifestLockResult.txt",
			);
			runOnlyForDeploymentPostprocessing = 0;
			shellPath = /bin/sh;
			shellScript = "diff \"${PODS_PODFILE_DIR_PATH}/Podfile.lock\" \"${PODS_ROOT}/Manifest.lock\" > /dev/null\nif [ $? != 0 ] ; then\n    # print error to STDERR\n    echo \"error: The sandbox is not in sync with the Podfile.lock. Run 'pod install' or update your CocoaPods installation.\" >&2\n    exit 1\nfi\n# This output is used by Xcode 'outputs' to avoid re-running this script phase.\necho \"SUCCESS\" > \"${SCRIPT_OUTPUT_FILE_0}\"\n";
			showEnvVarsInLog = 0;
		};
/* End PBXShellScriptBuildPhase section */

/* Begin PBXSourcesBuildPhase section */
		D62FC7C11F4E1C840045CF3D /* Sources */ = {
			isa = PBXSourcesBuildPhase;
			buildActionMask = 2147483647;
			files = (
				D62FC7CB1F4E1C840045CF3D /* WeatherVC.swift in Sources */,
				D62FC7C91F4E1C840045CF3D /* AppDelegate.swift in Sources */,
				D6C824131F50B6DA001A2DA4 /* WeatherCell.swift in Sources */,
				D6C8240F1F509DF0001A2DA4 /* CurrentWeather.swift in Sources */,
				D6C8240D1F509D6D001A2DA4 /* constants.swift in Sources */,
				D6C824111F509EC0001A2DA4 /* Forecast.swift in Sources */,
			);
			runOnlyForDeploymentPostprocessing = 0;
		};
/* End PBXSourcesBuildPhase section */

/* Begin PBXVariantGroup section */
		D62FC7CC1F4E1C840045CF3D /* Main.storyboard */ = {
			isa = PBXVariantGroup;
			children = (
				D62FC7CD1F4E1C840045CF3D /* Base */,
			);
			name = Main.storyboard;
			sourceTree = "<group>";
		};
		D62FC7D11F4E1C840045CF3D /* LaunchScreen.storyboard */ = {
			isa = PBXVariantGroup;
			children = (
				D62FC7D21F4E1C840045CF3D /* Base */,
			);
			name = LaunchScreen.storyboard;
			sourceTree = "<group>";
		};
/* End PBXVariantGroup section */

/* Begin XCBuildConfiguration section */
		D62FC7D51F4E1C840045CF3D /* Debug */ = {
			isa = XCBuildConfiguration;
			buildSettings = {
				ALWAYS_SEARCH_USER_PATHS = NO;
				CLANG_ANALYZER_NONNULL = YES;
				CLANG_ANALYZER_NUMBER_OBJECT_CONVERSION = YES_AGGRESSIVE;
				CLANG_CXX_LANGUAGE_STANDARD = "gnu++0x";
				CLANG_CXX_LIBRARY = "libc++";
				CLANG_ENABLE_MODULES = YES;
				CLANG_ENABLE_OBJC_ARC = YES;
				CLANG_WARN_BOOL_CONVERSION = YES;
				CLANG_WARN_CONSTANT_CONVERSION = YES;
				CLANG_WARN_DIRECT_OBJC_ISA_USAGE = YES_ERROR;
				CLANG_WARN_DOCUMENTATION_COMMENTS = YES;
				CLANG_WARN_EMPTY_BODY = YES;
				CLANG_WARN_ENUM_CONVERSION = YES;
				CLANG_WARN_INFINITE_RECURSION = YES;
				CLANG_WARN_INT_CONVERSION = YES;
				CLANG_WARN_OBJC_ROOT_CLASS = YES_ERROR;
				CLANG_WARN_SUSPICIOUS_MOVE = YES;
				CLANG_WARN_UNREACHABLE_CODE = YES;
				CLANG_WARN__DUPLICATE_METHOD_MATCH = YES;
				"CODE_SIGN_IDENTITY[sdk=iphoneos*]" = "iPhone Developer";
				COPY_PHASE_STRIP = NO;
				DEBUG_INFORMATION_FORMAT = dwarf;
				ENABLE_STRICT_OBJC_MSGSEND = YES;
				ENABLE_TESTABILITY = YES;
				GCC_C_LANGUAGE_STANDARD = gnu99;
				GCC_DYNAMIC_NO_PIC = NO;
				GCC_NO_COMMON_BLOCKS = YES;
				GCC_OPTIMIZATION_LEVEL = 0;
				GCC_PREPROCESSOR_DEFINITIONS = (
					"DEBUG=1",
					"$(inherited)",
				);
				GCC_WARN_64_TO_32_BIT_CONVERSION = YES;
				GCC_WARN_ABOUT_RETURN_TYPE = YES_ERROR;
				GCC_WARN_UNDECLARED_SELECTOR = YES;
				GCC_WARN_UNINITIALIZED_AUTOS = YES_AGGRESSIVE;
				GCC_WARN_UNUSED_FUNCTION = YES;
				GCC_WARN_UNUSED_VARIABLE = YES;
				IPHONEOS_DEPLOYMENT_TARGET = 10.3;
				MTL_ENABLE_DEBUG_INFO = YES;
				ONLY_ACTIVE_ARCH = YES;
				SDKROOT = iphoneos;
				SWIFT_ACTIVE_COMPILATION_CONDITIONS = DEBUG;
				SWIFT_OPTIMIZATION_LEVEL = "-Onone";
				TARGETED_DEVICE_FAMILY = "1,2";
			};
			name = Debug;
		};
		D62FC7D61F4E1C840045CF3D /* Release */ = {
			isa = XCBuildConfiguration;
			buildSettings = {
				ALWAYS_SEARCH_USER_PATHS = NO;
				CLANG_ANALYZER_NONNULL = YES;
				CLANG_ANALYZER_NUMBER_OBJECT_CONVERSION = YES_AGGRESSIVE;
				CLANG_CXX_LANGUAGE_STANDARD = "gnu++0x";
				CLANG_CXX_LIBRARY = "libc++";
				CLANG_ENABLE_MODULES = YES;
				CLANG_ENABLE_OBJC_ARC = YES;
				CLANG_WARN_BOOL_CONVERSION = YES;
				CLANG_WARN_CONSTANT_CONVERSION = YES;
				CLANG_WARN_DIRECT_OBJC_ISA_USAGE = YES_ERROR;
				CLANG_WARN_DOCUMENTATION_COMMENTS = YES;
				CLANG_WARN_EMPTY_BODY = YES;
				CLANG_WARN_ENUM_CONVERSION = YES;
				CLANG_WARN_INFINITE_RECURSION = YES;
				CLANG_WARN_INT_CONVERSION = YES;
				CLANG_WARN_OBJC_ROOT_CLASS = YES_ERROR;
				CLANG_WARN_SUSPICIOUS_MOVE = YES;
				CLANG_WARN_UNREACHABLE_CODE = YES;
				CLANG_WARN__DUPLICATE_METHOD_MATCH = YES;
				"CODE_SIGN_IDENTITY[sdk=iphoneos*]" = "iPhone Developer";
				COPY_PHASE_STRIP = NO;
				DEBUG_INFORMATION_FORMAT = "dwarf-with-dsym";
				ENABLE_NS_ASSERTIONS = NO;
				ENABLE_STRICT_OBJC_MSGSEND = YES;
				GCC_C_LANGUAGE_STANDARD = gnu99;
				GCC_NO_COMMON_BLOCKS = YES;
				GCC_WARN_64_TO_32_BIT_CONVERSION = YES;
				GCC_WARN_ABOUT_RETURN_TYPE = YES_ERROR;
				GCC_WARN_UNDECLARED_SELECTOR = YES;
				GCC_WARN_UNINITIALIZED_AUTOS = YES_AGGRESSIVE;
				GCC_WARN_UNUSED_FUNCTION = YES;
				GCC_WARN_UNUSED_VARIABLE = YES;
				IPHONEOS_DEPLOYMENT_TARGET = 10.3;
				MTL_ENABLE_DEBUG_INFO = NO;
				SDKROOT = iphoneos;
				SWIFT_OPTIMIZATION_LEVEL = "-Owholemodule";
				TARGETED_DEVICE_FAMILY = "1,2";
				VALIDATE_PRODUCT = YES;
			};
			name = Release;
		};
		D62FC7D81F4E1C840045CF3D /* Debug */ = {
			isa = XCBuildConfiguration;
			baseConfigurationReference = C24D9EFF3DE8FDCDCE796D82 /* Pods-rainycloudyshiny.debug.xcconfig */;
			buildSettings = {
				ASSETCATALOG_COMPILER_APPICON_NAME = AppIcon;
				DEVELOPMENT_TEAM = FUWHW8446R;
				INFOPLIST_FILE = rainycloudyshiny/Info.plist;
				LD_RUNPATH_SEARCH_PATHS = "$(inherited) @executable_path/Frameworks";
				PRODUCT_BUNDLE_IDENTIFIER = calculator.rainycloudyshiny;
				PRODUCT_NAME = "$(TARGET_NAME)";
				SWIFT_VERSION = 3.0;
			};
			name = Debug;
		};
		D62FC7D91F4E1C840045CF3D /* Release */ = {
			isa = XCBuildConfiguration;
			baseConfigurationReference = A0EDC96A341135FD6451A782 /* Pods-rainycloudyshiny.release.xcconfig */;
			buildSettings = {
				ASSETCATALOG_COMPILER_APPICON_NAME = AppIcon;
				DEVELOPMENT_TEAM = FUWHW8446R;
				INFOPLIST_FILE = rainycloudyshiny/Info.plist;
				LD_RUNPATH_SEARCH_PATHS = "$(inherited) @executable_path/Frameworks";
				PRODUCT_BUNDLE_IDENTIFIER = calculator.rainycloudyshiny;
				PRODUCT_NAME = "$(TARGET_NAME)";
				SWIFT_VERSION = 3.0;
			};
			name = Release;
		};
/* End XCBuildConfiguration section */

/* Begin XCConfigurationList section */
		D62FC7C01F4E1C840045CF3D /* Build configuration list for PBXProject "rainycloudyshiny" */ = {
			isa = XCConfigurationList;
			buildConfigurations = (
				D62FC7D51F4E1C840045CF3D /* Debug */,
				D62FC7D61F4E1C840045CF3D /* Release */,
			);
			defaultConfigurationIsVisible = 0;
			defaultConfigurationName = Release;
		};
		D62FC7D71F4E1C840045CF3D /* Build configuration list for PBXNativeTarget "rainycloudyshiny" */ = {
			isa = XCConfigurationList;
			buildConfigurations = (
				D62FC7D81F4E1C840045CF3D /* Debug */,
				D62FC7D91F4E1C840045CF3D /* Release */,
			);
			defaultConfigurationIsVisible = 0;
			defaultConfigurationName = Release;
		};
/* End XCConfigurationList section */
	};
	rootObject = D62FC7BD1F4E1C840045CF3D /* Project object */;
}
